
Microsoft Visual Studio Solution File, Format Version 12.00
# Visual Studio 2013
VisualStudioVersion = 12.0.20827.3
MinimumVisualStudioVersion = 10.0.40219.1
Project("{262852C6-CD72-467D-83FE-5EEB1973A190}") = "Adopta", "Adopta\Adopta.jsproj", "{6B39BC8B-C3A3-4D33-9E9C-1FB8694DB13A}"
EndProject
Project("{2150E333-8FDC-42A3-9474-1A3956D46DE8}") = "Solution Items", "Solution Items", "{1333CF4A-96F0-4616-80AD-2E1DFFC7810A}"
	ProjectSection(SolutionItems) = preProject
		WE2013-settings.xml = WE2013-settings.xml
	EndProjectSection
EndProject
Global
	GlobalSection(SolutionConfigurationPlatforms) = preSolution
		Debug|Any CPU = Debug|Any CPU
		Debug|ARM = Debug|ARM
		Debug|x64 = Debug|x64
		Debug|x86 = Debug|x86
		Release|Any CPU = Release|Any CPU
		Release|ARM = Release|ARM
		Release|x64 = Release|x64
		Release|x86 = Release|x86
	EndGlobalSection
	GlobalSection(ProjectConfigurationPlatforms) = postSolution
		{6B39BC8B-C3A3-4D33-9E9C-1FB8694DB13A}.Debug|Any CPU.ActiveCfg = Debug|Any CPU
		{6B39BC8B-C3A3-4D33-9E9C-1FB8694DB13A}.Debug|Any CPU.Build.0 = Debug|Any CPU
		{6B39BC8B-C3A3-4D33-9E9C-1FB8694DB13A}.Debug|Any CPU.Deploy.0 = Debug|Any CPU
		{6B39BC8B-C3A3-4D33-9E9C-1FB8694DB13A}.Debug|ARM.ActiveCfg = Debug|ARM
		{6B39BC8B-C3A3-4D33-9E9C-1FB8694DB13A}.Debug|ARM.Build.0 = Debug|ARM
		{6B39BC8B-C3A3-4D33-9E9C-1FB8694DB13A}.Debug|ARM.Deploy.0 = Debug|ARM
		{6B39BC8B-C3A3-4D33-9E9C-1FB8694DB13A}.Debug|x64.ActiveCfg = Debug|x64
		{6B39BC8B-C3A3-4D33-9E9C-1FB8694DB13A}.Debug|x64.Build.0 = Debug|x64
		{6B39BC8B-C3A3-4D33-9E9C-1FB8694DB13A}.Debug|x64.Deploy.0 = Debug|x64
		{6B39BC8B-C3A3-4D33-9E9C-1FB8694DB13A}.Debug|x86.ActiveCfg = Debug|x86
		{6B39BC8B-C3A3-4D33-9E9C-1FB8694DB13A}.Debug|x86.Build.0 = Debug|x86
		{6B39BC8B-C3A3-4D33-9E9C-1FB8694DB13A}.Debug|x86.Deploy.0 = Debug|x86
		{6B39BC8B-C3A3-4D33-9E9C-1FB8694DB13A}.Release|Any CPU.ActiveCfg = Release|Any CPU
		{6B39BC8B-C3A3-4D33-9E9C-1FB8694DB13A}.Release|Any CPU.Build.0 = Release|Any CPU
		{6B39BC8B-C3A3-4D33-9E9C-1FB8694DB13A}.Release|Any CPU.Deploy.0 = Release|Any CPU
		{6B39BC8B-C3A3-4D33-9E9C-1FB8694DB13A}.Release|ARM.ActiveCfg = Release|ARM
		{6B39BC8B-C3A3-4D33-9E9C-1FB8694DB13A}.Release|ARM.Build.0 = Release|ARM
		{6B39BC8B-C3A3-4D33-9E9C-1FB8694DB13A}.Release|ARM.Deploy.0 = Release|ARM
		{6B39BC8B-C3A3-4D33-9E9C-1FB8694DB13A}.Release|x64.ActiveCfg = Release|x64
		{6B39BC8B-C3A3-4D33-9E9C-1FB8694DB13A}.Release|x64.Build.0 = Release|x64
		{6B39BC8B-C3A3-4D33-9E9C-1FB8694DB13A}.Release|x64.Deploy.0 = Release|x64
		{6B39BC8B-C3A3-4D33-9E9C-1FB8694DB13A}.Release|x86.ActiveCfg = Release|x86
		{6B39BC8B-C3A3-4D33-9E9C-1FB8694DB13A}.Release|x86.Build.0 = Release|x86
		{6B39BC8B-C3A3-4D33-9E9C-1FB8694DB13A}.Release|x86.Deploy.0 = Release|x86
	EndGlobalSection
	GlobalSection(SolutionProperties) = preSolution
		HideSolutionNode = FALSE
	EndGlobalSection
EndGlobal
